// !$*UTF8*$!
{
	archiveVersion = 1;
	classes = {
	};
	objectVersion = 46;
	objects = {

/* Begin PBXBuildFile section */
		0E34F95CEB5046FE63EA04F0 /* Pods_FlickrItUITests.framework in Frameworks */ = {isa = PBXBuildFile; fileRef = 9F65002F7765E6CBC7E40CDF /* Pods_FlickrItUITests.framework */; };
		4046C9271F46F1D500D9F92E /* PhotoDetailViewController.swift in Sources */ = {isa = PBXBuildFile; fileRef = 4046C9181F46F1D500D9F92E /* PhotoDetailViewController.swift */; };
		4046C9281F46F1D500D9F92E /* PhotosViewController.swift in Sources */ = {isa = PBXBuildFile; fileRef = 4046C9191F46F1D500D9F92E /* PhotosViewController.swift */; };
		4046C9291F46F1D500D9F92E /* PhotoDataSource.swift in Sources */ = {isa = PBXBuildFile; fileRef = 4046C91B1F46F1D500D9F92E /* PhotoDataSource.swift */; };
		4046C92A1F46F1D500D9F92E /* Constants.swift in Sources */ = {isa = PBXBuildFile; fileRef = 4046C91D1F46F1D500D9F92E /* Constants.swift */; };
		4046C92B1F46F1D500D9F92E /* NavigationController.swift in Sources */ = {isa = PBXBuildFile; fileRef = 4046C91E1F46F1D500D9F92E /* NavigationController.swift */; };
		4046C92C1F46F1D500D9F92E /* NetworkHelper.swift in Sources */ = {isa = PBXBuildFile; fileRef = 4046C9201F46F1D500D9F92E /* NetworkHelper.swift */; };
		4046C92D1F46F1D500D9F92E /* Photo.swift in Sources */ = {isa = PBXBuildFile; fileRef = 4046C9221F46F1D500D9F92E /* Photo.swift */; };
		4046C92E1F46F1D500D9F92E /* PhotoStore.swift in Sources */ = {isa = PBXBuildFile; fileRef = 4046C9241F46F1D500D9F92E /* PhotoStore.swift */; };
		4046C92F1F46F1D500D9F92E /* PhotoCollectionViewCell.swift in Sources */ = {isa = PBXBuildFile; fileRef = 4046C9261F46F1D500D9F92E /* PhotoCollectionViewCell.swift */; };
		4046C9321F46F1F000D9F92E /* FlickrAPI.swift in Sources */ = {isa = PBXBuildFile; fileRef = 4046C9311F46F1F000D9F92E /* FlickrAPI.swift */; };
		4046C9351F46F25900D9F92E /* Main.storyboard in Resources */ = {isa = PBXBuildFile; fileRef = 4046C9341F46F25900D9F92E /* Main.storyboard */; };
		404CA4A11F3920200006A2EC /* AlamofireImage.framework in Frameworks */ = {isa = PBXBuildFile; fileRef = 404CA4A01F3920200006A2EC /* AlamofireImage.framework */; };
		405D35C21F33CEC800DC72CF /* AppDelegate.swift in Sources */ = {isa = PBXBuildFile; fileRef = 405D35C11F33CEC800DC72CF /* AppDelegate.swift */; };
		405D35C91F33CEC800DC72CF /* Assets.xcassets in Resources */ = {isa = PBXBuildFile; fileRef = 405D35C81F33CEC800DC72CF /* Assets.xcassets */; };
		405D35CC1F33CEC800DC72CF /* LaunchScreen.storyboard in Resources */ = {isa = PBXBuildFile; fileRef = 405D35CA1F33CEC800DC72CF /* LaunchScreen.storyboard */; };
		405D35D71F33CEC800DC72CF /* FlickrItTests.swift in Sources */ = {isa = PBXBuildFile; fileRef = 405D35D61F33CEC800DC72CF /* FlickrItTests.swift */; };
		405D35E21F33CEC800DC72CF /* FlickrItUITests.swift in Sources */ = {isa = PBXBuildFile; fileRef = 405D35E11F33CEC800DC72CF /* FlickrItUITests.swift */; };
		405D35F61F33D9E900DC72CF /* Alamofire.framework in Frameworks */ = {isa = PBXBuildFile; fileRef = 405D35F51F33D9E900DC72CF /* Alamofire.framework */; };
		405D35F81F33D9ED00DC72CF /* SwiftyJSON.framework in Frameworks */ = {isa = PBXBuildFile; fileRef = 405D35F71F33D9ED00DC72CF /* SwiftyJSON.framework */; };
		405D36001F34132E00DC72CF /* Kingfisher.framework in Frameworks */ = {isa = PBXBuildFile; fileRef = 405D35FF1F34132E00DC72CF /* Kingfisher.framework */; };
		9C85131C785CA5C03D8730A1 /* Pods_FlickrIt.framework in Frameworks */ = {isa = PBXBuildFile; fileRef = 956F96DB04CFEF4ABEC70D9D /* Pods_FlickrIt.framework */; };
		FE2854F3AD9EFEBE682ED0EA /* Pods_FlickrItTests.framework in Frameworks */ = {isa = PBXBuildFile; fileRef = 282982F2164E3524B3C1676C /* Pods_FlickrItTests.framework */; };
/* End PBXBuildFile section */

/* Begin PBXContainerItemProxy section */
		405D35D31F33CEC800DC72CF /* PBXContainerItemProxy */ = {
			isa = PBXContainerItemProxy;
			containerPortal = 405D35B61F33CEC800DC72CF /* Project object */;
			proxyType = 1;
			remoteGlobalIDString = 405D35BD1F33CEC800DC72CF;
			remoteInfo = FlickrIt;
		};
		405D35DE1F33CEC800DC72CF /* PBXContainerItemProxy */ = {
			isa = PBXContainerItemProxy;
			containerPortal = 405D35B61F33CEC800DC72CF /* Project object */;
			proxyType = 1;
			remoteGlobalIDString = 405D35BD1F33CEC800DC72CF;
			remoteInfo = FlickrIt;
		};
/* End PBXContainerItemProxy section */

/* Begin PBXFileReference section */
		282982F2164E3524B3C1676C /* Pods_FlickrItTests.framework */ = {isa = PBXFileReference; explicitFileType = wrapper.framework; includeInIndex = 0; path = Pods_FlickrItTests.framework; sourceTree = BUILT_PRODUCTS_DIR; };
		2F399641A305A4C3B1188B91 /* Pods-FlickrItUITests.release.xcconfig */ = {isa = PBXFileReference; includeInIndex = 1; lastKnownFileType = text.xcconfig; name = "Pods-FlickrItUITests.release.xcconfig"; path = "Pods/Target Support Files/Pods-FlickrItUITests/Pods-FlickrItUITests.release.xcconfig"; sourceTree = "<group>"; };
		35BEFDFA024B4941E47151BC /* Pods-FlickrItTests.debug.xcconfig */ = {isa = PBXFileReference; includeInIndex = 1; lastKnownFileType = text.xcconfig; name = "Pods-FlickrItTests.debug.xcconfig"; path = "Pods/Target Support Files/Pods-FlickrItTests/Pods-FlickrItTests.debug.xcconfig"; sourceTree = "<group>"; };
		38069DE85D8641CD97364DF5 /* Pods-FlickrItTests.release.xcconfig */ = {isa = PBXFileReference; includeInIndex = 1; lastKnownFileType = text.xcconfig; name = "Pods-FlickrItTests.release.xcconfig"; path = "Pods/Target Support Files/Pods-FlickrItTests/Pods-FlickrItTests.release.xcconfig"; sourceTree = "<group>"; };
		4046C9181F46F1D500D9F92E /* PhotoDetailViewController.swift */ = {isa = PBXFileReference; fileEncoding = 4; lastKnownFileType = sourcecode.swift; path = PhotoDetailViewController.swift; sourceTree = "<group>"; };
		4046C9191F46F1D500D9F92E /* PhotosViewController.swift */ = {isa = PBXFileReference; fileEncoding = 4; lastKnownFileType = sourcecode.swift; path = PhotosViewController.swift; sourceTree = "<group>"; };
		4046C91B1F46F1D500D9F92E /* PhotoDataSource.swift */ = {isa = PBXFileReference; fileEncoding = 4; lastKnownFileType = sourcecode.swift; path = PhotoDataSource.swift; sourceTree = "<group>"; };
		4046C91D1F46F1D500D9F92E /* Constants.swift */ = {isa = PBXFileReference; fileEncoding = 4; lastKnownFileType = sourcecode.swift; path = Constants.swift; sourceTree = "<group>"; };
		4046C91E1F46F1D500D9F92E /* NavigationController.swift */ = {isa = PBXFileReference; fileEncoding = 4; lastKnownFileType = sourcecode.swift; path = NavigationController.swift; sourceTree = "<group>"; };
		4046C9201F46F1D500D9F92E /* NetworkHelper.swift */ = {isa = PBXFileReference; fileEncoding = 4; lastKnownFileType = sourcecode.swift; path = NetworkHelper.swift; sourceTree = "<group>"; };
		4046C9221F46F1D500D9F92E /* Photo.swift */ = {isa = PBXFileReference; fileEncoding = 4; lastKnownFileType = sourcecode.swift; path = Photo.swift; sourceTree = "<group>"; };
		4046C9241F46F1D500D9F92E /* PhotoStore.swift */ = {isa = PBXFileReference; fileEncoding = 4; lastKnownFileType = sourcecode.swift; path = PhotoStore.swift; sourceTree = "<group>"; };
		4046C9261F46F1D500D9F92E /* PhotoCollectionViewCell.swift */ = {isa = PBXFileReference; fileEncoding = 4; lastKnownFileType = sourcecode.swift; path = PhotoCollectionViewCell.swift; sourceTree = "<group>"; };
		4046C9311F46F1F000D9F92E /* FlickrAPI.swift */ = {isa = PBXFileReference; fileEncoding = 4; lastKnownFileType = sourcecode.swift; path = FlickrAPI.swift; sourceTree = "<group>"; };
		4046C9341F46F25900D9F92E /* Main.storyboard */ = {isa = PBXFileReference; fileEncoding = 4; lastKnownFileType = file.storyboard; path = Main.storyboard; sourceTree = "<group>"; };
		404CA49C1F3916FE0006A2EC /* FlickrIt-Bridging-Header.h */ = {isa = PBXFileReference; lastKnownFileType = sourcecode.c.h; path = "FlickrIt-Bridging-Header.h"; sourceTree = "<group>"; };
		404CA4A01F3920200006A2EC /* AlamofireImage.framework */ = {isa = PBXFileReference; lastKnownFileType = wrapper.framework; name = AlamofireImage.framework; path = "../../../../Library/Developer/Xcode/DerivedData/FlickrIt-hiojljezgvmtrfgzkrfkpekfckle/Build/Products/Debug-iphoneos/AlamofireImage/AlamofireImage.framework"; sourceTree = "<group>"; };
		405D35BE1F33CEC800DC72CF /* FlickrIt.app */ = {isa = PBXFileReference; explicitFileType = wrapper.application; includeInIndex = 0; path = FlickrIt.app; sourceTree = BUILT_PRODUCTS_DIR; };
		405D35C11F33CEC800DC72CF /* AppDelegate.swift */ = {isa = PBXFileReference; lastKnownFileType = sourcecode.swift; path = AppDelegate.swift; sourceTree = "<group>"; };
		405D35C81F33CEC800DC72CF /* Assets.xcassets */ = {isa = PBXFileReference; lastKnownFileType = folder.assetcatalog; path = Assets.xcassets; sourceTree = "<group>"; };
		405D35CB1F33CEC800DC72CF /* Base */ = {isa = PBXFileReference; lastKnownFileType = file.storyboard; name = Base; path = Base.lproj/LaunchScreen.storyboard; sourceTree = "<group>"; };
		405D35CD1F33CEC800DC72CF /* Info.plist */ = {isa = PBXFileReference; lastKnownFileType = text.plist.xml; path = Info.plist; sourceTree = "<group>"; };
		405D35D21F33CEC800DC72CF /* FlickrItTests.xctest */ = {isa = PBXFileReference; explicitFileType = wrapper.cfbundle; includeInIndex = 0; path = FlickrItTests.xctest; sourceTree = BUILT_PRODUCTS_DIR; };
		405D35D61F33CEC800DC72CF /* FlickrItTests.swift */ = {isa = PBXFileReference; lastKnownFileType = sourcecode.swift; path = FlickrItTests.swift; sourceTree = "<group>"; };
		405D35D81F33CEC800DC72CF /* Info.plist */ = {isa = PBXFileReference; lastKnownFileType = text.plist.xml; path = Info.plist; sourceTree = "<group>"; };
		405D35DD1F33CEC800DC72CF /* FlickrItUITests.xctest */ = {isa = PBXFileReference; explicitFileType = wrapper.cfbundle; includeInIndex = 0; path = FlickrItUITests.xctest; sourceTree = BUILT_PRODUCTS_DIR; };
		405D35E11F33CEC800DC72CF /* FlickrItUITests.swift */ = {isa = PBXFileReference; lastKnownFileType = sourcecode.swift; path = FlickrItUITests.swift; sourceTree = "<group>"; };
		405D35E31F33CEC800DC72CF /* Info.plist */ = {isa = PBXFileReference; lastKnownFileType = text.plist.xml; path = Info.plist; sourceTree = "<group>"; };
		405D35F51F33D9E900DC72CF /* Alamofire.framework */ = {isa = PBXFileReference; lastKnownFileType = wrapper.framework; name = Alamofire.framework; path = "../../../../Library/Developer/Xcode/DerivedData/FlickrIt-hiojljezgvmtrfgzkrfkpekfckle/Build/Products/Debug-iphonesimulator/Alamofire/Alamofire.framework"; sourceTree = "<group>"; };
		405D35F71F33D9ED00DC72CF /* SwiftyJSON.framework */ = {isa = PBXFileReference; lastKnownFileType = wrapper.framework; name = SwiftyJSON.framework; path = "../../../../Library/Developer/Xcode/DerivedData/FlickrIt-hiojljezgvmtrfgzkrfkpekfckle/Build/Products/Debug-iphonesimulator/SwiftyJSON/SwiftyJSON.framework"; sourceTree = "<group>"; };
		405D35FF1F34132E00DC72CF /* Kingfisher.framework */ = {isa = PBXFileReference; lastKnownFileType = wrapper.framework; name = Kingfisher.framework; path = "../../../../Library/Developer/Xcode/DerivedData/FlickrIt-hiojljezgvmtrfgzkrfkpekfckle/Build/Products/Debug-iphonesimulator/Kingfisher/Kingfisher.framework"; sourceTree = "<group>"; };
		4E549E52A2463F7BCB48B7DA /* Pods-FlickrIt.debug.xcconfig */ = {isa = PBXFileReference; includeInIndex = 1; lastKnownFileType = text.xcconfig; name = "Pods-FlickrIt.debug.xcconfig"; path = "Pods/Target Support Files/Pods-FlickrIt/Pods-FlickrIt.debug.xcconfig"; sourceTree = "<group>"; };
		956F96DB04CFEF4ABEC70D9D /* Pods_FlickrIt.framework */ = {isa = PBXFileReference; explicitFileType = wrapper.framework; includeInIndex = 0; path = Pods_FlickrIt.framework; sourceTree = BUILT_PRODUCTS_DIR; };
		9F65002F7765E6CBC7E40CDF /* Pods_FlickrItUITests.framework */ = {isa = PBXFileReference; explicitFileType = wrapper.framework; includeInIndex = 0; path = Pods_FlickrItUITests.framework; sourceTree = BUILT_PRODUCTS_DIR; };
		B78DF5F3509798DB9B6DA57D /* Pods-FlickrIt.release.xcconfig */ = {isa = PBXFileReference; includeInIndex = 1; lastKnownFileType = text.xcconfig; name = "Pods-FlickrIt.release.xcconfig"; path = "Pods/Target Support Files/Pods-FlickrIt/Pods-FlickrIt.release.xcconfig"; sourceTree = "<group>"; };
		CC058211FFD0A528157AB996 /* Pods-FlickrItUITests.debug.xcconfig */ = {isa = PBXFileReference; includeInIndex = 1; lastKnownFileType = text.xcconfig; name = "Pods-FlickrItUITests.debug.xcconfig"; path = "Pods/Target Support Files/Pods-FlickrItUITests/Pods-FlickrItUITests.debug.xcconfig"; sourceTree = "<group>"; };
/* End PBXFileReference section */

/* Begin PBXFrameworksBuildPhase section */
		405D35BB1F33CEC800DC72CF /* Frameworks */ = {
			isa = PBXFrameworksBuildPhase;
			buildActionMask = 2147483647;
			files = (
				404CA4A11F3920200006A2EC /* AlamofireImage.framework in Frameworks */,
				405D36001F34132E00DC72CF /* Kingfisher.framework in Frameworks */,
				405D35F81F33D9ED00DC72CF /* SwiftyJSON.framework in Frameworks */,
				405D35F61F33D9E900DC72CF /* Alamofire.framework in Frameworks */,
				9C85131C785CA5C03D8730A1 /* Pods_FlickrIt.framework in Frameworks */,
			);
			runOnlyForDeploymentPostprocessing = 0;
		};
		405D35CF1F33CEC800DC72CF /* Frameworks */ = {
			isa = PBXFrameworksBuildPhase;
			buildActionMask = 2147483647;
			files = (
				FE2854F3AD9EFEBE682ED0EA /* Pods_FlickrItTests.framework in Frameworks */,
			);
			runOnlyForDeploymentPostprocessing = 0;
		};
		405D35DA1F33CEC800DC72CF /* Frameworks */ = {
			isa = PBXFrameworksBuildPhase;
			buildActionMask = 2147483647;
			files = (
				0E34F95CEB5046FE63EA04F0 /* Pods_FlickrItUITests.framework in Frameworks */,
			);
			runOnlyForDeploymentPostprocessing = 0;
		};
/* End PBXFrameworksBuildPhase section */

/* Begin PBXGroup section */
		309AD12EE6AC5A0B70302EDB /* Pods */ = {
			isa = PBXGroup;
			children = (
				4E549E52A2463F7BCB48B7DA /* Pods-FlickrIt.debug.xcconfig */,
				B78DF5F3509798DB9B6DA57D /* Pods-FlickrIt.release.xcconfig */,
				35BEFDFA024B4941E47151BC /* Pods-FlickrItTests.debug.xcconfig */,
				38069DE85D8641CD97364DF5 /* Pods-FlickrItTests.release.xcconfig */,
				CC058211FFD0A528157AB996 /* Pods-FlickrItUITests.debug.xcconfig */,
				2F399641A305A4C3B1188B91 /* Pods-FlickrItUITests.release.xcconfig */,
			);
			name = Pods;
			sourceTree = "<group>";
		};
		4046C9171F46F1D500D9F92E /* Controller */ = {
			isa = PBXGroup;
			children = (
				4046C9181F46F1D500D9F92E /* PhotoDetailViewController.swift */,
				4046C9191F46F1D500D9F92E /* PhotosViewController.swift */,
			);
			path = Controller;
			sourceTree = "<group>";
		};
		4046C91A1F46F1D500D9F92E /* DataSource */ = {
			isa = PBXGroup;
			children = (
				4046C91B1F46F1D500D9F92E /* PhotoDataSource.swift */,
			);
			path = DataSource;
			sourceTree = "<group>";
		};
		4046C91C1F46F1D500D9F92E /* Entities */ = {
			isa = PBXGroup;
			children = (
				4046C91D1F46F1D500D9F92E /* Constants.swift */,
				4046C91E1F46F1D500D9F92E /* NavigationController.swift */,
			);
			path = Entities;
			sourceTree = "<group>";
		};
		4046C91F1F46F1D500D9F92E /* Helpers */ = {
			isa = PBXGroup;
			children = (
				4046C9201F46F1D500D9F92E /* NetworkHelper.swift */,
			);
			path = Helpers;
			sourceTree = "<group>";
		};
		4046C9211F46F1D500D9F92E /* Model */ = {
			isa = PBXGroup;
			children = (
				4046C9221F46F1D500D9F92E /* Photo.swift */,
			);
			path = Model;
			sourceTree = "<group>";
		};
		4046C9231F46F1D500D9F92E /* Store */ = {
			isa = PBXGroup;
			children = (
				4046C9241F46F1D500D9F92E /* PhotoStore.swift */,
			);
			path = Store;
			sourceTree = "<group>";
		};
		4046C9251F46F1D500D9F92E /* View */ = {
			isa = PBXGroup;
			children = (
				4046C9261F46F1D500D9F92E /* PhotoCollectionViewCell.swift */,
			);
			path = View;
			sourceTree = "<group>";
		};
		4046C9301F46F1F000D9F92E /* API */ = {
			isa = PBXGroup;
			children = (
				4046C9311F46F1F000D9F92E /* FlickrAPI.swift */,
			);
			path = API;
			sourceTree = "<group>";
		};
		4046C9331F46F25900D9F92E /* Storyboards */ = {
			isa = PBXGroup;
			children = (
				4046C9341F46F25900D9F92E /* Main.storyboard */,
			);
			path = Storyboards;
			sourceTree = "<group>";
		};
		404CA49F1F3917360006A2EC /* SupportingFiles */ = {
			isa = PBXGroup;
			children = (
				405D35C11F33CEC800DC72CF /* AppDelegate.swift */,
				405D35C81F33CEC800DC72CF /* Assets.xcassets */,
				405D35CA1F33CEC800DC72CF /* LaunchScreen.storyboard */,
				405D35CD1F33CEC800DC72CF /* Info.plist */,
			);
			name = SupportingFiles;
			sourceTree = "<group>";
		};
		405D35B51F33CEC800DC72CF = {
			isa = PBXGroup;
			children = (
				405D35C01F33CEC800DC72CF /* FlickrIt */,
				405D35D51F33CEC800DC72CF /* FlickrItTests */,
				405D35E01F33CEC800DC72CF /* FlickrItUITests */,
				405D35BF1F33CEC800DC72CF /* Products */,
				309AD12EE6AC5A0B70302EDB /* Pods */,
				53C01FA4852DC650C7CFFE8B /* Frameworks */,
			);
			sourceTree = "<group>";
		};
		405D35BF1F33CEC800DC72CF /* Products */ = {
			isa = PBXGroup;
			children = (
				405D35BE1F33CEC800DC72CF /* FlickrIt.app */,
				405D35D21F33CEC800DC72CF /* FlickrItTests.xctest */,
				405D35DD1F33CEC800DC72CF /* FlickrItUITests.xctest */,
			);
			name = Products;
			sourceTree = "<group>";
		};
		405D35C01F33CEC800DC72CF /* FlickrIt */ = {
			isa = PBXGroup;
			children = (
				4046C9331F46F25900D9F92E /* Storyboards */,
				4046C9301F46F1F000D9F92E /* API */,
				4046C9171F46F1D500D9F92E /* Controller */,
				4046C91A1F46F1D500D9F92E /* DataSource */,
				4046C91C1F46F1D500D9F92E /* Entities */,
				4046C91F1F46F1D500D9F92E /* Helpers */,
				4046C9211F46F1D500D9F92E /* Model */,
				4046C9231F46F1D500D9F92E /* Store */,
				4046C9251F46F1D500D9F92E /* View */,
				404CA49F1F3917360006A2EC /* SupportingFiles */,
				404CA49C1F3916FE0006A2EC /* FlickrIt-Bridging-Header.h */,
			);
			path = FlickrIt;
			sourceTree = "<group>";
		};
		405D35D51F33CEC800DC72CF /* FlickrItTests */ = {
			isa = PBXGroup;
			children = (
				405D35D61F33CEC800DC72CF /* FlickrItTests.swift */,
				405D35D81F33CEC800DC72CF /* Info.plist */,
			);
			path = FlickrItTests;
			sourceTree = "<group>";
		};
		405D35E01F33CEC800DC72CF /* FlickrItUITests */ = {
			isa = PBXGroup;
			children = (
				405D35E11F33CEC800DC72CF /* FlickrItUITests.swift */,
				405D35E31F33CEC800DC72CF /* Info.plist */,
			);
			path = FlickrItUITests;
			sourceTree = "<group>";
		};
		53C01FA4852DC650C7CFFE8B /* Frameworks */ = {
			isa = PBXGroup;
			children = (
				404CA4A01F3920200006A2EC /* AlamofireImage.framework */,
				405D35FF1F34132E00DC72CF /* Kingfisher.framework */,
				405D35F71F33D9ED00DC72CF /* SwiftyJSON.framework */,
				405D35F51F33D9E900DC72CF /* Alamofire.framework */,
				956F96DB04CFEF4ABEC70D9D /* Pods_FlickrIt.framework */,
				282982F2164E3524B3C1676C /* Pods_FlickrItTests.framework */,
				9F65002F7765E6CBC7E40CDF /* Pods_FlickrItUITests.framework */,
			);
			name = Frameworks;
			sourceTree = "<group>";
		};
/* End PBXGroup section */

/* Begin PBXNativeTarget section */
		405D35BD1F33CEC800DC72CF /* FlickrIt */ = {
			isa = PBXNativeTarget;
			buildConfigurationList = 405D35E61F33CEC800DC72CF /* Build configuration list for PBXNativeTarget "FlickrIt" */;
			buildPhases = (
				2246772856D3AD1AE3770DD4 /* [CP] Check Pods Manifest.lock */,
				405D35BA1F33CEC800DC72CF /* Sources */,
				405D35BB1F33CEC800DC72CF /* Frameworks */,
				405D35BC1F33CEC800DC72CF /* Resources */,
				9B030CCD3744D2C2447D52A9 /* [CP] Embed Pods Frameworks */,
				7F3A006898CD6CDB3C4963E4 /* [CP] Copy Pods Resources */,
			);
			buildRules = (
			);
			dependencies = (
			);
			name = FlickrIt;
			productName = FlickrIt;
			productReference = 405D35BE1F33CEC800DC72CF /* FlickrIt.app */;
			productType = "com.apple.product-type.application";
		};
		405D35D11F33CEC800DC72CF /* FlickrItTests */ = {
			isa = PBXNativeTarget;
			buildConfigurationList = 405D35E91F33CEC800DC72CF /* Build configuration list for PBXNativeTarget "FlickrItTests" */;
			buildPhases = (
				7F6D8FA91B9A49141138890E /* [CP] Check Pods Manifest.lock */,
				405D35CE1F33CEC800DC72CF /* Sources */,
				405D35CF1F33CEC800DC72CF /* Frameworks */,
				405D35D01F33CEC800DC72CF /* Resources */,
				30F7434B0B72F763C4ACF74A /* [CP] Embed Pods Frameworks */,
				52700F5AF238E2490EA373C6 /* [CP] Copy Pods Resources */,
			);
			buildRules = (
			);
			dependencies = (
				405D35D41F33CEC800DC72CF /* PBXTargetDependency */,
			);
			name = FlickrItTests;
			productName = FlickrItTests;
			productReference = 405D35D21F33CEC800DC72CF /* FlickrItTests.xctest */;
			productType = "com.apple.product-type.bundle.unit-test";
		};
		405D35DC1F33CEC800DC72CF /* FlickrItUITests */ = {
			isa = PBXNativeTarget;
			buildConfigurationList = 405D35EC1F33CEC800DC72CF /* Build configuration list for PBXNativeTarget "FlickrItUITests" */;
			buildPhases = (
				1B2103216ABED3973E1AAE58 /* [CP] Check Pods Manifest.lock */,
				405D35D91F33CEC800DC72CF /* Sources */,
				405D35DA1F33CEC800DC72CF /* Frameworks */,
				405D35DB1F33CEC800DC72CF /* Resources */,
				15D64987A162CB8C48EA77D7 /* [CP] Embed Pods Frameworks */,
				C64710DA54B960918275C18B /* [CP] Copy Pods Resources */,
			);
			buildRules = (
			);
			dependencies = (
				405D35DF1F33CEC800DC72CF /* PBXTargetDependency */,
			);
			name = FlickrItUITests;
			productName = FlickrItUITests;
			productReference = 405D35DD1F33CEC800DC72CF /* FlickrItUITests.xctest */;
			productType = "com.apple.product-type.bundle.ui-testing";
		};
/* End PBXNativeTarget section */

/* Begin PBXProject section */
		405D35B61F33CEC800DC72CF /* Project object */ = {
			isa = PBXProject;
			attributes = {
				LastSwiftUpdateCheck = 0830;
				LastUpgradeCheck = 0830;
				ORGANIZATIONNAME = com.arunsivakumar;
				TargetAttributes = {
					405D35BD1F33CEC800DC72CF = {
						CreatedOnToolsVersion = 8.3.3;
						DevelopmentTeam = Q5S947L7K7;
						LastSwiftMigration = 0830;
						ProvisioningStyle = Automatic;
					};
					405D35D11F33CEC800DC72CF = {
						CreatedOnToolsVersion = 8.3.3;
						DevelopmentTeam = Q5S947L7K7;
						ProvisioningStyle = Automatic;
						TestTargetID = 405D35BD1F33CEC800DC72CF;
					};
					405D35DC1F33CEC800DC72CF = {
						CreatedOnToolsVersion = 8.3.3;
						DevelopmentTeam = Q5S947L7K7;
						ProvisioningStyle = Automatic;
						TestTargetID = 405D35BD1F33CEC800DC72CF;
					};
				};
			};
			buildConfigurationList = 405D35B91F33CEC800DC72CF /* Build configuration list for PBXProject "FlickrIt" */;
			compatibilityVersion = "Xcode 3.2";
			developmentRegion = English;
			hasScannedForEncodings = 0;
			knownRegions = (
				en,
				Base,
			);
			mainGroup = 405D35B51F33CEC800DC72CF;
			productRefGroup = 405D35BF1F33CEC800DC72CF /* Products */;
			projectDirPath = "";
			projectRoot = "";
			targets = (
				405D35BD1F33CEC800DC72CF /* FlickrIt */,
				405D35D11F33CEC800DC72CF /* FlickrItTests */,
				405D35DC1F33CEC800DC72CF /* FlickrItUITests */,
			);
		};
/* End PBXProject section */

/* Begin PBXResourcesBuildPhase section */
		405D35BC1F33CEC800DC72CF /* Resources */ = {
			isa = PBXResourcesBuildPhase;
			buildActionMask = 2147483647;
			files = (
				405D35CC1F33CEC800DC72CF /* LaunchScreen.storyboard in Resources */,
				405D35C91F33CEC800DC72CF /* Assets.xcassets in Resources */,
				4046C9351F46F25900D9F92E /* Main.storyboard in Resources */,
			);
			runOnlyForDeploymentPostprocessing = 0;
		};
		405D35D01F33CEC800DC72CF /* Resources */ = {
			isa = PBXResourcesBuildPhase;
			buildActionMask = 2147483647;
			files = (
			);
			runOnlyForDeploymentPostprocessing = 0;
		};
		405D35DB1F33CEC800DC72CF /* Resources */ = {
			isa = PBXResourcesBuildPhase;
			buildActionMask = 2147483647;
			files = (
			);
			runOnlyForDeploymentPostprocessing = 0;
		};
/* End PBXResourcesBuildPhase section */

/* Begin PBXShellScriptBuildPhase section */
		15D64987A162CB8C48EA77D7 /* [CP] Embed Pods Frameworks */ = {
			isa = PBXShellScriptBuildPhase;
			buildActionMask = 2147483647;
			files = (
			);
			inputPaths = (
			);
			name = "[CP] Embed Pods Frameworks";
			outputPaths = (
			);
			runOnlyForDeploymentPostprocessing = 0;
			shellPath = /bin/sh;
			shellScript = "\"${SRCROOT}/Pods/Target Support Files/Pods-FlickrItUITests/Pods-FlickrItUITests-frameworks.sh\"\n";
			showEnvVarsInLog = 0;
		};
		1B2103216ABED3973E1AAE58 /* [CP] Check Pods Manifest.lock */ = {
			isa = PBXShellScriptBuildPhase;
			buildActionMask = 2147483647;
			files = (
			);
			inputPaths = (
				"${PODS_PODFILE_DIR_PATH}/Podfile.lock",
				"${PODS_ROOT}/Manifest.lock",
			);
			name = "[CP] Check Pods Manifest.lock";
			outputPaths = (
				"$(DERIVED_FILE_DIR)/Pods-FlickrItUITests-checkManifestLockResult.txt",
			);
			runOnlyForDeploymentPostprocessing = 0;
			shellPath = /bin/sh;
			shellScript = "diff \"${PODS_PODFILE_DIR_PATH}/Podfile.lock\" \"${PODS_ROOT}/Manifest.lock\" > /dev/null\nif [ $? != 0 ] ; then\n    # print error to STDERR\n    echo \"error: The sandbox is not in sync with the Podfile.lock. Run 'pod install' or update your CocoaPods installation.\" >&2\n    exit 1\nfi\n# This output is used by Xcode 'outputs' to avoid re-running this script phase.\necho \"SUCCESS\" > \"${SCRIPT_OUTPUT_FILE_0}\"\n";
			showEnvVarsInLog = 0;
		};
		2246772856D3AD1AE3770DD4 /* [CP] Check Pods Manifest.lock */ = {
			isa = PBXShellScriptBuildPhase;
			buildActionMask = 2147483647;
			files = (
			);
			inputPaths = (
				"${PODS_PODFILE_DIR_PATH}/Podfile.lock",
				"${PODS_ROOT}/Manifest.lock",
			);
			name = "[CP] Check Pods Manifest.lock";
			outputPaths = (
				"$(DERIVED_FILE_DIR)/Pods-FlickrIt-checkManifestLockResult.txt",
			);
			runOnlyForDeploymentPostprocessing = 0;
			shellPath = /bin/sh;
			shellScript = "diff \"${PODS_PODFILE_DIR_PATH}/Podfile.lock\" \"${PODS_ROOT}/Manifest.lock\" > /dev/null\nif [ $? != 0 ] ; then\n    # print error to STDERR\n    echo \"error: The sandbox is not in sync with the Podfile.lock. Run 'pod install' or update your CocoaPods installation.\" >&2\n    exit 1\nfi\n# This output is used by Xcode 'outputs' to avoid re-running this script phase.\necho \"SUCCESS\" > \"${SCRIPT_OUTPUT_FILE_0}\"\n";
			showEnvVarsInLog = 0;
		};
		30F7434B0B72F763C4ACF74A /* [CP] Embed Pods Frameworks */ = {
			isa = PBXShellScriptBuildPhase;
			buildActionMask = 2147483647;
			files = (
			);
			inputPaths = (
			);
			name = "[CP] Embed Pods Frameworks";
			outputPaths = (
			);
			runOnlyForDeploymentPostprocessing = 0;
			shellPath = /bin/sh;
			shellScript = "\"${SRCROOT}/Pods/Target Support Files/Pods-FlickrItTests/Pods-FlickrItTests-frameworks.sh\"\n";
			showEnvVarsInLog = 0;
		};
		52700F5AF238E2490EA373C6 /* [CP] Copy Pods Resources */ = {
			isa = PBXShellScriptBuildPhase;
			buildActionMask = 2147483647;
			files = (
			);
			inputPaths = (
			);
			name = "[CP] Copy Pods Resources";
			outputPaths = (
			);
			runOnlyForDeploymentPostprocessing = 0;
			shellPath = /bin/sh;
			shellScript = "\"${SRCROOT}/Pods/Target Support Files/Pods-FlickrItTests/Pods-FlickrItTests-resources.sh\"\n";
			showEnvVarsInLog = 0;
		};
		7F3A006898CD6CDB3C4963E4 /* [CP] Copy Pods Resources */ = {
			isa = PBXShellScriptBuildPhase;
			buildActionMask = 2147483647;
			files = (
			);
			inputPaths = (
				"${SRCROOT}/Pods/Target Support Files/Pods-FlickrIt/Pods-FlickrIt-resources.sh",
				"${PODS_ROOT}/GVRSDK/Resources/CardboardSDK.bundle",
				"${PODS_ROOT}/GVRSDK/Resources/GoogleKitCore.bundle",
				"${PODS_ROOT}/GVRSDK/Resources/GoogleKitDialogs.bundle",
				"${PODS_ROOT}/GVRSDK/Resources/GoogleKitHUD.bundle",
				"${PODS_ROOT}/GVRSDK/Resources/MaterialRobotoFontLoader.bundle",
			);
			name = "[CP] Copy Pods Resources";
			outputPaths = (
				"${TARGET_BUILD_DIR}/${UNLOCALIZED_RESOURCES_FOLDER_PATH}",
			);
			runOnlyForDeploymentPostprocessing = 0;
			shellPath = /bin/sh;
			shellScript = "\"${SRCROOT}/Pods/Target Support Files/Pods-FlickrIt/Pods-FlickrIt-resources.sh\"\n";
			showEnvVarsInLog = 0;
		};
		7F6D8FA91B9A49141138890E /* [CP] Check Pods Manifest.lock */ = {
			isa = PBXShellScriptBuildPhase;
			buildActionMask = 2147483647;
			files = (
			);
			inputPaths = (
				"${PODS_PODFILE_DIR_PATH}/Podfile.lock",
				"${PODS_ROOT}/Manifest.lock",
			);
			name = "[CP] Check Pods Manifest.lock";
			outputPaths = (
				"$(DERIVED_FILE_DIR)/Pods-FlickrItTests-checkManifestLockResult.txt",
			);
			runOnlyForDeploymentPostprocessing = 0;
			shellPath = /bin/sh;
			shellScript = "diff \"${PODS_PODFILE_DIR_PATH}/Podfile.lock\" \"${PODS_ROOT}/Manifest.lock\" > /dev/null\nif [ $? != 0 ] ; then\n    # print error to STDERR\n    echo \"error: The sandbox is not in sync with the Podfile.lock. Run 'pod install' or update your CocoaPods installation.\" >&2\n    exit 1\nfi\n# This output is used by Xcode 'outputs' to avoid re-running this script phase.\necho \"SUCCESS\" > \"${SCRIPT_OUTPUT_FILE_0}\"\n";
			showEnvVarsInLog = 0;
		};
		9B030CCD3744D2C2447D52A9 /* [CP] Embed Pods Frameworks */ = {
			isa = PBXShellScriptBuildPhase;
			buildActionMask = 2147483647;
			files = (
			);
			inputPaths = (
				"${SRCROOT}/Pods/Target Support Files/Pods-FlickrIt/Pods-FlickrIt-frameworks.sh",
				"${BUILT_PRODUCTS_DIR}/Alamofire/Alamofire.framework",
				"${BUILT_PRODUCTS_DIR}/AlamofireImage/AlamofireImage.framework",
				"${BUILT_PRODUCTS_DIR}/Bond/Bond.framework",
				"${BUILT_PRODUCTS_DIR}/Diff/Diff.framework",
				"${BUILT_PRODUCTS_DIR}/GTMSessionFetcher/GTMSessionFetcher.framework",
				"${BUILT_PRODUCTS_DIR}/GoogleToolboxForMac/GoogleToolboxForMac.framework",
				"${BUILT_PRODUCTS_DIR}/Kingfisher/Kingfisher.framework",
				"${BUILT_PRODUCTS_DIR}/ReactiveKit/ReactiveKit.framework",
				"${BUILT_PRODUCTS_DIR}/SwiftyJSON/SwiftyJSON.framework",
			);
			name = "[CP] Embed Pods Frameworks";
			outputPaths = (
				"${TARGET_BUILD_DIR}/${FRAMEWORKS_FOLDER_PATH}/Alamofire.framework",
				"${TARGET_BUILD_DIR}/${FRAMEWORKS_FOLDER_PATH}/AlamofireImage.framework",
				"${TARGET_BUILD_DIR}/${FRAMEWORKS_FOLDER_PATH}/Bond.framework",
				"${TARGET_BUILD_DIR}/${FRAMEWORKS_FOLDER_PATH}/Diff.framework",
				"${TARGET_BUILD_DIR}/${FRAMEWORKS_FOLDER_PATH}/GTMSessionFetcher.framework",
				"${TARGET_BUILD_DIR}/${FRAMEWORKS_FOLDER_PATH}/GoogleToolboxForMac.framework",
				"${TARGET_BUILD_DIR}/${FRAMEWORKS_FOLDER_PATH}/Kingfisher.framework",
				"${TARGET_BUILD_DIR}/${FRAMEWORKS_FOLDER_PATH}/ReactiveKit.framework",
				"${TARGET_BUILD_DIR}/${FRAMEWORKS_FOLDER_PATH}/SwiftyJSON.framework",
			);
			runOnlyForDeploymentPostprocessing = 0;
			shellPath = /bin/sh;
			shellScript = "\"${SRCROOT}/Pods/Target Support Files/Pods-FlickrIt/Pods-FlickrIt-frameworks.sh\"\n";
			showEnvVarsInLog = 0;
		};
		C64710DA54B960918275C18B /* [CP] Copy Pods Resources */ = {
			isa = PBXShellScriptBuildPhase;
			buildActionMask = 2147483647;
			files = (
			);
			inputPaths = (
			);
			name = "[CP] Copy Pods Resources";
			outputPaths = (
			);
			runOnlyForDeploymentPostprocessing = 0;
			shellPath = /bin/sh;
			shellScript = "\"${SRCROOT}/Pods/Target Support Files/Pods-FlickrItUITests/Pods-FlickrItUITests-resources.sh\"\n";
			showEnvVarsInLog = 0;
		};
/* End PBXShellScriptBuildPhase section */

/* Begin PBXSourcesBuildPhase section */
		405D35BA1F33CEC800DC72CF /* Sources */ = {
			isa = PBXSourcesBuildPhase;
			buildActionMask = 2147483647;
			files = (
				4046C92D1F46F1D500D9F92E /* Photo.swift in Sources */,
				4046C92F1F46F1D500D9F92E /* PhotoCollectionViewCell.swift in Sources */,
				4046C92E1F46F1D500D9F92E /* PhotoStore.swift in Sources */,
				4046C92C1F46F1D500D9F92E /* NetworkHelper.swift in Sources */,
				4046C9321F46F1F000D9F92E /* FlickrAPI.swift in Sources */,
				4046C92A1F46F1D500D9F92E /* Constants.swift in Sources */,
				4046C92B1F46F1D500D9F92E /* NavigationController.swift in Sources */,
				4046C9281F46F1D500D9F92E /* PhotosViewController.swift in Sources */,
				4046C9291F46F1D500D9F92E /* PhotoDataSource.swift in Sources */,
				4046C9271F46F1D500D9F92E /* PhotoDetailViewController.swift in Sources */,
				405D35C21F33CEC800DC72CF /* AppDelegate.swift in Sources */,
			);
			runOnlyForDeploymentPostprocessing = 0;
		};
		405D35CE1F33CEC800DC72CF /* Sources */ = {
			isa = PBXSourcesBuildPhase;
			buildActionMask = 2147483647;
			files = (
				405D35D71F33CEC800DC72CF /* FlickrItTests.swift in Sources */,
			);
			runOnlyForDeploymentPostprocessing = 0;
		};
		405D35D91F33CEC800DC72CF /* Sources */ = {
			isa = PBXSourcesBuildPhase;
			buildActionMask = 2147483647;
			files = (
				405D35E21F33CEC800DC72CF /* FlickrItUITests.swift in Sources */,
			);
			runOnlyForDeploymentPostprocessing = 0;
		};
/* End PBXSourcesBuildPhase section */

/* Begin PBXTargetDependency section */
		405D35D41F33CEC800DC72CF /* PBXTargetDependency */ = {
			isa = PBXTargetDependency;
			target = 405D35BD1F33CEC800DC72CF /* FlickrIt */;
			targetProxy = 405D35D31F33CEC800DC72CF /* PBXContainerItemProxy */;
		};
		405D35DF1F33CEC800DC72CF /* PBXTargetDependency */ = {
			isa = PBXTargetDependency;
			target = 405D35BD1F33CEC800DC72CF /* FlickrIt */;
			targetProxy = 405D35DE1F33CEC800DC72CF /* PBXContainerItemProxy */;
		};
/* End PBXTargetDependency section */

/* Begin PBXVariantGroup section */
		405D35CA1F33CEC800DC72CF /* LaunchScreen.storyboard */ = {
			isa = PBXVariantGroup;
			children = (
				405D35CB1F33CEC800DC72CF /* Base */,
			);
			name = LaunchScreen.storyboard;
			sourceTree = "<group>";
		};
/* End PBXVariantGroup section */

/* Begin XCBuildConfiguration section */
		405D35E41F33CEC800DC72CF /* Debug */ = {
			isa = XCBuildConfiguration;
			buildSettings = {
				ALWAYS_SEARCH_USER_PATHS = NO;
				CLANG_ANALYZER_NONNULL = YES;
				CLANG_ANALYZER_NUMBER_OBJECT_CONVERSION = YES_AGGRESSIVE;
				CLANG_CXX_LANGUAGE_STANDARD = "gnu++0x";
				CLANG_CXX_LIBRARY = "libc++";
				CLANG_ENABLE_MODULES = YES;
				CLANG_ENABLE_OBJC_ARC = YES;
				CLANG_WARN_BOOL_CONVERSION = YES;
				CLANG_WARN_CONSTANT_CONVERSION = YES;
				CLANG_WARN_DIRECT_OBJC_ISA_USAGE = YES_ERROR;
				CLANG_WARN_DOCUMENTATION_COMMENTS = YES;
				CLANG_WARN_EMPTY_BODY = YES;
				CLANG_WARN_ENUM_CONVERSION = YES;
				CLANG_WARN_INFINITE_RECURSION = YES;
				CLANG_WARN_INT_CONVERSION = YES;
				CLANG_WARN_OBJC_ROOT_CLASS = YES_ERROR;
				CLANG_WARN_SUSPICIOUS_MOVE = YES;
				CLANG_WARN_UNREACHABLE_CODE = YES;
				CLANG_WARN__DUPLICATE_METHOD_MATCH = YES;
				"CODE_SIGN_IDENTITY[sdk=iphoneos*]" = "iPhone Developer";
				COPY_PHASE_STRIP = NO;
				DEBUG_INFORMATION_FORMAT = dwarf;
				ENABLE_STRICT_OBJC_MSGSEND = YES;
				ENABLE_TESTABILITY = YES;
				GCC_C_LANGUAGE_STANDARD = gnu99;
				GCC_DYNAMIC_NO_PIC = NO;
				GCC_NO_COMMON_BLOCKS = YES;
				GCC_OPTIMIZATION_LEVEL = 0;
				GCC_PREPROCESSOR_DEFINITIONS = (
					"DEBUG=1",
					"$(inherited)",
				);
				GCC_WARN_64_TO_32_BIT_CONVERSION = YES;
				GCC_WARN_ABOUT_RETURN_TYPE = YES_ERROR;
				GCC_WARN_UNDECLARED_SELECTOR = YES;
				GCC_WARN_UNINITIALIZED_AUTOS = YES_AGGRESSIVE;
				GCC_WARN_UNUSED_FUNCTION = YES;
				GCC_WARN_UNUSED_VARIABLE = YES;
				IPHONEOS_DEPLOYMENT_TARGET = 10.3;
				MTL_ENABLE_DEBUG_INFO = YES;
				ONLY_ACTIVE_ARCH = YES;
				SDKROOT = iphoneos;
				SWIFT_ACTIVE_COMPILATION_CONDITIONS = DEBUG;
				SWIFT_OPTIMIZATION_LEVEL = "-Onone";
			};
			name = Debug;
		};
		405D35E51F33CEC800DC72CF /* Release */ = {
			isa = XCBuildConfiguration;
			buildSettings = {
				ALWAYS_SEARCH_USER_PATHS = NO;
				CLANG_ANALYZER_NONNULL = YES;
				CLANG_ANALYZER_NUMBER_OBJECT_CONVERSION = YES_AGGRESSIVE;
				CLANG_CXX_LANGUAGE_STANDARD = "gnu++0x";
				CLANG_CXX_LIBRARY = "libc++";
				CLANG_ENABLE_MODULES = YES;
				CLANG_ENABLE_OBJC_ARC = YES;
				CLANG_WARN_BOOL_CONVERSION = YES;
				CLANG_WARN_CONSTANT_CONVERSION = YES;
				CLANG_WARN_DIRECT_OBJC_ISA_USAGE = YES_ERROR;
				CLANG_WARN_DOCUMENTATION_COMMENTS = YES;
				CLANG_WARN_EMPTY_BODY = YES;
				CLANG_WARN_ENUM_CONVERSION = YES;
				CLANG_WARN_INFINITE_RECURSION = YES;
				CLANG_WARN_INT_CONVERSION = YES;
				CLANG_WARN_OBJC_ROOT_CLASS = YES_ERROR;
				CLANG_WARN_SUSPICIOUS_MOVE = YES;
				CLANG_WARN_UNREACHABLE_CODE = YES;
				CLANG_WARN__DUPLICATE_METHOD_MATCH = YES;
				"CODE_SIGN_IDENTITY[sdk=iphoneos*]" = "iPhone Developer";
				COPY_PHASE_STRIP = NO;
				DEBUG_INFORMATION_FORMAT = "dwarf-with-dsym";
				ENABLE_NS_ASSERTIONS = NO;
				ENABLE_STRICT_OBJC_MSGSEND = YES;
				GCC_C_LANGUAGE_STANDARD = gnu99;
				GCC_NO_COMMON_BLOCKS = YES;
				GCC_WARN_64_TO_32_BIT_CONVERSION = YES;
				GCC_WARN_ABOUT_RETURN_TYPE = YES_ERROR;
				GCC_WARN_UNDECLARED_SELECTOR = YES;
				GCC_WARN_UNINITIALIZED_AUTOS = YES_AGGRESSIVE;
				GCC_WARN_UNUSED_FUNCTION = YES;
				GCC_WARN_UNUSED_VARIABLE = YES;
				IPHONEOS_DEPLOYMENT_TARGET = 10.3;
				MTL_ENABLE_DEBUG_INFO = NO;
				SDKROOT = iphoneos;
				SWIFT_OPTIMIZATION_LEVEL = "-Owholemodule";
				VALIDATE_PRODUCT = YES;
			};
			name = Release;
		};
		405D35E71F33CEC800DC72CF /* Debug */ = {
			isa = XCBuildConfiguration;
			baseConfigurationReference = 4E549E52A2463F7BCB48B7DA /* Pods-FlickrIt.debug.xcconfig */;
			buildSettings = {
				ASSETCATALOG_COMPILER_APPICON_NAME = AppIcon;
				CLANG_ENABLE_MODULES = YES;
				DEVELOPMENT_TEAM = Q5S947L7K7;
				INFOPLIST_FILE = FlickrIt/Info.plist;
				LD_RUNPATH_SEARCH_PATHS = "$(inherited) @executable_path/Frameworks";
				PRODUCT_BUNDLE_IDENTIFIER = com.arunsivakumar.FlickrIt;
				PRODUCT_NAME = "$(TARGET_NAME)";
				SWIFT_OBJC_BRIDGING_HEADER = "FlickrIt/FlickrIt-Bridging-Header.h";
				SWIFT_OPTIMIZATION_LEVEL = "-Onone";
				SWIFT_VERSION = 3.0;
			};
			name = Debug;
		};
		405D35E81F33CEC800DC72CF /* Release */ = {
			isa = XCBuildConfiguration;
			baseConfigurationReference = B78DF5F3509798DB9B6DA57D /* Pods-FlickrIt.release.xcconfig */;
			buildSettings = {
				ASSETCATALOG_COMPILER_APPICON_NAME = AppIcon;
				CLANG_ENABLE_MODULES = YES;
				DEVELOPMENT_TEAM = Q5S947L7K7;
				INFOPLIST_FILE = FlickrIt/Info.plist;
				LD_RUNPATH_SEARCH_PATHS = "$(inherited) @executable_path/Frameworks";
				PRODUCT_BUNDLE_IDENTIFIER = com.arunsivakumar.FlickrIt;
				PRODUCT_NAME = "$(TARGET_NAME)";
				SWIFT_OBJC_BRIDGING_HEADER = "FlickrIt/FlickrIt-Bridging-Header.h";
				SWIFT_VERSION = 3.0;
			};
			name = Release;
		};
		405D35EA1F33CEC800DC72CF /* Debug */ = {
			isa = XCBuildConfiguration;
			baseConfigurationReference = 35BEFDFA024B4941E47151BC /* Pods-FlickrItTests.debug.xcconfig */;
			buildSettings = {
				ALWAYS_EMBED_SWIFT_STANDARD_LIBRARIES = YES;
				BUNDLE_LOADER = "$(TEST_HOST)";
				DEVELOPMENT_TEAM = Q5S947L7K7;
				INFOPLIST_FILE = FlickrItTests/Info.plist;
				LD_RUNPATH_SEARCH_PATHS = "$(inherited) @executable_path/Frameworks @loader_path/Frameworks";
				PRODUCT_BUNDLE_IDENTIFIER = com.arunsivakumar.FlickrItTests;
				PRODUCT_NAME = "$(TARGET_NAME)";
				SWIFT_VERSION = 3.0;
				TEST_HOST = "$(BUILT_PRODUCTS_DIR)/FlickrIt.app/FlickrIt";
			};
			name = Debug;
		};
		405D35EB1F33CEC800DC72CF /* Release */ = {
			isa = XCBuildConfiguration;
			baseConfigurationReference = 38069DE85D8641CD97364DF5 /* Pods-FlickrItTests.release.xcconfig */;
			buildSettings = {
				ALWAYS_EMBED_SWIFT_STANDARD_LIBRARIES = YES;
				BUNDLE_LOADER = "$(TEST_HOST)";
				DEVELOPMENT_TEAM = Q5S947L7K7;
				INFOPLIST_FILE = FlickrItTests/Info.plist;
				LD_RUNPATH_SEARCH_PATHS = "$(inherited) @executable_path/Frameworks @loader_path/Frameworks";
				PRODUCT_BUNDLE_IDENTIFIER = com.arunsivakumar.FlickrItTests;
				PRODUCT_NAME = "$(TARGET_NAME)";
				SWIFT_VERSION = 3.0;
				TEST_HOST = "$(BUILT_PRODUCTS_DIR)/FlickrIt.app/FlickrIt";
			};
			name = Release;
		};
		405D35ED1F33CEC800DC72CF /* Debug */ = {
			isa = XCBuildConfiguration;
			baseConfigurationReference = CC058211FFD0A528157AB996 /* Pods-FlickrItUITests.debug.xcconfig */;
			buildSettings = {
				ALWAYS_EMBED_SWIFT_STANDARD_LIBRARIES = YES;
				DEVELOPMENT_TEAM = Q5S947L7K7;
				INFOPLIST_FILE = FlickrItUITests/Info.plist;
				LD_RUNPATH_SEARCH_PATHS = "$(inherited) @executable_path/Frameworks @loader_path/Frameworks";
				PRODUCT_BUNDLE_IDENTIFIER = com.arunsivakumar.FlickrItUITests;
				PRODUCT_NAME = "$(TARGET_NAME)";
				SWIFT_VERSION = 3.0;
				TEST_TARGET_NAME = FlickrIt;
			};
			name = Debug;
		};
		405D35EE1F33CEC800DC72CF /* Release */ = {
			isa = XCBuildConfiguration;
			baseConfigurationReference = 2F399641A305A4C3B1188B91 /* Pods-FlickrItUITests.release.xcconfig */;
			buildSettings = {
				ALWAYS_EMBED_SWIFT_STANDARD_LIBRARIES = YES;
				DEVELOPMENT_TEAM = Q5S947L7K7;
				INFOPLIST_FILE = FlickrItUITests/Info.plist;
				LD_RUNPATH_SEARCH_PATHS = "$(inherited) @executable_path/Frameworks @loader_path/Frameworks";
				PRODUCT_BUNDLE_IDENTIFIER = com.arunsivakumar.FlickrItUITests;
				PRODUCT_NAME = "$(TARGET_NAME)";
				SWIFT_VERSION = 3.0;
				TEST_TARGET_NAME = FlickrIt;
			};
			name = Release;
		};
/* End XCBuildConfiguration section */

/* Begin XCConfigurationList section */
		405D35B91F33CEC800DC72CF /* Build configuration list for PBXProject "FlickrIt" */ = {
			isa = XCConfigurationList;
			buildConfigurations = (
				405D35E41F33CEC800DC72CF /* Debug */,
				405D35E51F33CEC800DC72CF /* Release */,
			);
			defaultConfigurationIsVisible = 0;
			defaultConfigurationName = Release;
		};
		405D35E61F33CEC800DC72CF /* Build configuration list for PBXNativeTarget "FlickrIt" */ = {
			isa = XCConfigurationList;
			buildConfigurations = (
				405D35E71F33CEC800DC72CF /* Debug */,
				405D35E81F33CEC800DC72CF /* Release */,
			);
			defaultConfigurationIsVisible = 0;
			defaultConfigurationName = Release;
		};
		405D35E91F33CEC800DC72CF /* Build configuration list for PBXNativeTarget "FlickrItTests" */ = {
			isa = XCConfigurationList;
			buildConfigurations = (
				405D35EA1F33CEC800DC72CF /* Debug */,
				405D35EB1F33CEC800DC72CF /* Release */,
			);
			defaultConfigurationIsVisible = 0;
			defaultConfigurationName = Release;
		};
		405D35EC1F33CEC800DC72CF /* Build configuration list for PBXNativeTarget "FlickrItUITests" */ = {
			isa = XCConfigurationList;
			buildConfigurations = (
				405D35ED1F33CEC800DC72CF /* Debug */,
				405D35EE1F33CEC800DC72CF /* Release */,
			);
			defaultConfigurationIsVisible = 0;
			defaultConfigurationName = Release;
		};
/* End XCConfigurationList section */
	};
	rootObject = 405D35B61F33CEC800DC72CF /* Project object */;
}
